
Microsoft Visual Studio Solution File, Format Version 12.00
# Visual Studio Version 17
VisualStudioVersion = 17.13.35825.156 d17.13
MinimumVisualStudioVersion = 10.0.40219.1
Project("{FAE04EC0-301F-11D3-BF4B-00C04F79EFBC}") = "SubTracker.capstone_Kellogg", "SubTracker.capstone_Kellogg\SubTracker.capstone_Kellogg.csproj", "{55953680-3738-4310-A0BD-3B51C0927358}"
EndProject
Global
	GlobalSection(SolutionConfigurationPlatforms) = preSolution
		Debug|Any CPU = Debug|Any CPU
		Release|Any CPU = Release|Any CPU
	EndGlobalSection
	GlobalSection(ProjectConfigurationPlatforms) = postSolution
		{55953680-3738-4310-A0BD-3B51C0927358}.Debug|Any CPU.ActiveCfg = Debug|Any CPU
		{55953680-3738-4310-A0BD-3B51C0927358}.Debug|Any CPU.Build.0 = Debug|Any CPU
		{55953680-3738-4310-A0BD-3B51C0927358}.Release|Any CPU.ActiveCfg = Release|Any CPU
		{55953680-3738-4310-A0BD-3B51C0927358}.Release|Any CPU.Build.0 = Release|Any CPU
	EndGlobalSection
	GlobalSection(SolutionProperties) = preSolution
		HideSolutionNode = FALSE
	EndGlobalSection
	GlobalSection(ExtensibilityGlobals) = postSolution
		SolutionGuid = {C7DB8056-E070-4020-9790-F2C36F3852EE}
	EndGlobalSection
EndGlobal
